
Microsoft Visual Studio Solution File, Format Version 12.00
# Visual Studio 15
VisualStudioVersion = 15.0.26430.6
MinimumVisualStudioVersion = 10.0.40219.1
Project("{FAE04EC0-301F-11D3-BF4B-00C04F79EFBC}") = "BloodAlcoholAssistant", "BloodAlcoholAssistant\BloodAlcoholAssistant.csproj", "{35036F97-1F53-4203-8D38-30CB0157EA6E}"
EndProject
Global
	GlobalSection(SolutionConfigurationPlatforms) = preSolution
		Debug|Any CPU = Debug|Any CPU
		Release|Any CPU = Release|Any CPU
	EndGlobalSection
	GlobalSection(ProjectConfigurationPlatforms) = postSolution
		{35036F97-1F53-4203-8D38-30CB0157EA6E}.Debug|Any CPU.ActiveCfg = Debug|Any CPU
		{35036F97-1F53-4203-8D38-30CB0157EA6E}.Debug|Any CPU.Build.0 = Debug|Any CPU
		{35036F97-1F53-4203-8D38-30CB0157EA6E}.Release|Any CPU.ActiveCfg = Release|Any CPU
		{35036F97-1F53-4203-8D38-30CB0157EA6E}.Release|Any CPU.Build.0 = Release|Any CPU
	EndGlobalSection
	GlobalSection(SolutionProperties) = preSolution
		HideSolutionNode = FALSE
	EndGlobalSection
EndGlobal
